
Microsoft Visual Studio Solution File, Format Version 12.00
# Visual Studio Version 17
VisualStudioVersion = 17.0.31903.59
MinimumVisualStudioVersion = 10.0.40219.1
Project("{9A19103F-16F7-4668-BE54-9A1E7A4F7556}") = "API", "API\API.csproj", "{3799B649-A68A-42F7-8E78-A29048481DCC}"
EndProject
Project("{2150E333-8FDC-42A3-9474-1A3956D46DE8}") = "files", "files", "{80FCA1C2-A4E9-4E6B-A16D-6035AF2E55B8}"
	ProjectSection(SolutionItems) = preProject
		.gitignore = .gitignore
		README.md = README.md
	EndProjectSection
EndProject
Project("{9A19103F-16F7-4668-BE54-9A1E7A4F7556}") = "Tests", "Tests\Tests.csproj", "{82EC3651-84AD-4E03-8ABB-B8C42A8DAEF0}"
EndProject
Global
	GlobalSection(SolutionConfigurationPlatforms) = preSolution
		Debug|Any CPU = Debug|Any CPU
		Release|Any CPU = Release|Any CPU
	EndGlobalSection
	GlobalSection(ProjectConfigurationPlatforms) = postSolution
		{3799B649-A68A-42F7-8E78-A29048481DCC}.Debug|Any CPU.ActiveCfg = Debug|Any CPU
		{3799B649-A68A-42F7-8E78-A29048481DCC}.Debug|Any CPU.Build.0 = Debug|Any CPU
		{3799B649-A68A-42F7-8E78-A29048481DCC}.Release|Any CPU.ActiveCfg = Release|Any CPU
		{3799B649-A68A-42F7-8E78-A29048481DCC}.Release|Any CPU.Build.0 = Release|Any CPU
		{82EC3651-84AD-4E03-8ABB-B8C42A8DAEF0}.Debug|Any CPU.ActiveCfg = Debug|Any CPU
		{82EC3651-84AD-4E03-8ABB-B8C42A8DAEF0}.Debug|Any CPU.Build.0 = Debug|Any CPU
		{82EC3651-84AD-4E03-8ABB-B8C42A8DAEF0}.Release|Any CPU.ActiveCfg = Release|Any CPU
		{82EC3651-84AD-4E03-8ABB-B8C42A8DAEF0}.Release|Any CPU.Build.0 = Release|Any CPU
	EndGlobalSection
	GlobalSection(SolutionProperties) = preSolution
		HideSolutionNode = FALSE
	EndGlobalSection
	GlobalSection(ExtensibilityGlobals) = postSolution
		SolutionGuid = {69CD7633-69B2-4B44-A837-E3F6BB98EC41}
	EndGlobalSection
EndGlobal
